
Microsoft Visual Studio Solution File, Format Version 12.00
# Visual Studio Version 16
VisualStudioVersion = 16.0.30128.74
MinimumVisualStudioVersion = 10.0.40219.1
Project("{FAE04EC0-301F-11D3-BF4B-00C04F79EFBC}") = "ENPRA_05", "ENPRA_05\ENPRA_05.csproj", "{0F0E7045-EA4C-4104-B6E3-500A40AAE169}"
EndProject
Global
	GlobalSection(SolutionConfigurationPlatforms) = preSolution
		Debug|Any CPU = Debug|Any CPU
		Release|Any CPU = Release|Any CPU
	EndGlobalSection
	GlobalSection(ProjectConfigurationPlatforms) = postSolution
		{0F0E7045-EA4C-4104-B6E3-500A40AAE169}.Debug|Any CPU.ActiveCfg = Debug|Any CPU
		{0F0E7045-EA4C-4104-B6E3-500A40AAE169}.Debug|Any CPU.Build.0 = Debug|Any CPU
		{0F0E7045-EA4C-4104-B6E3-500A40AAE169}.Release|Any CPU.ActiveCfg = Release|Any CPU
		{0F0E7045-EA4C-4104-B6E3-500A40AAE169}.Release|Any CPU.Build.0 = Release|Any CPU
	EndGlobalSection
	GlobalSection(SolutionProperties) = preSolution
		HideSolutionNode = FALSE
	EndGlobalSection
	GlobalSection(ExtensibilityGlobals) = postSolution
		SolutionGuid = {B9A26D2D-D8B0-4B42-AEA2-67CDD5868218}
	EndGlobalSection
EndGlobal
